github.com/ThomsonReutersEikon/go-ntlm v0.0.0-20151030004737-b00ec39bbdd0 h1:iBnLwXNz+Mz2K6MndIM9a4sLBb+TouHB8s0tvx16s4s=
github.com/ThomsonReutersEikon/go-ntlm v0.0.0-20151030004737-b00ec39bbdd0/go.mod h1:0eFwySJYxbNw/r8cJ01IeztpJfwrgrmiLtYig80Yvrc=
github.com/alexbrainman/sspi v0.0.0-20180125232955-4729b3d4d858 h1:OZQyEhf4BviydsRdmK4ryeJHotDLd7vL1X8+nnxXkfk=
github.com/alexbrainman/sspi v0.0.0-20180125232955-4729b3d4d858/go.mod h1:976q2ETgjT2snVCf2ZaBnyBbVoPERGjUz+0sofzEfro=
github.com/davecgh/go-spew v0.0.0-20151105211317-5215b55f46b2 h1:5zdDAMuB3gvbHB1m2BZT9+t9w+xaBmK3ehb7skDXcwM=
github.com/davecgh/go-spew v0.0.0-20151105211317-5215b55f46b2/go.mod h1:J7Y8YcW2NihsgmVo/mv3lAwl/skON4iLHjSsI+c5H38=
github.com/git-lfs/gitobj v0.0.0-20180705162808-0fcb9c3796fa h1:wXVStqoJoNE3tbW33kGIHBRVtUWL7GJxfEmDuBiueFo=
github.com/git-lfs/gitobj v0.0.0-20180705162808-0fcb9c3796fa/go.mod h1:+OqrxLkyEiaSZ7Tz/McVIlPU+p69Dj25MaB3QqV4nN4=
github.com/git-lfs/go-netrc v0.0.0-20180525200031-e0e9ca483a18 h1:7Th0eBA4rT8WJNiM1vppjaIv9W5WJinhpbCJvRJxloI=
github.com/git-lfs/go-netrc v0.0.0-20180525200031-e0e9ca483a18/go.mod h1:70O4NAtvWn1jW8V8V+OKrJJYcxDLTmIozfi2fmSz5SI=
github.com/git-lfs/wildmatch v0.0.0-20180706170425-b31c34466d64 h1:ZPW4Gapp3/5fc/LDTp0A/C+s74yZg9jVZBoVan0GSmM=
github.com/git-lfs/wildmatch v0.0.0-20180706170425-b31c34466d64/go.mod h1:SdHAGnApDpnFYQ0vAxbniWR0sn7yLJ3QXo9RRfhn2ew=
github.com/git-lfs/wildmatch v1.0.0 h1:TKsxqSrEXWj73N4xGcN/ISal8/JJOiAcOv9LH6Zprxw=
github.com/git-lfs/wildmatch v1.0.0/go.mod h1:SdHAGnApDpnFYQ0vAxbniWR0sn7yLJ3QXo9RRfhn2ew=
github.com/inconshreveable/mousetrap v1.0.0 h1:Z8tu5sraLXCXIcARxBp/8cbvlwVa7Z1NHg9XEKhtSvM=
github.com/inconshreveable/mousetrap v1.0.0/go.mod h1:PxqpIevigyE2G7u3NXJIT2ANytuPF1OarO4DADm73n8=
github.com/kr/pty v0.0.0-20150511174710-5cf931ef8f76 h1:i5TIRQpbCg4aJMUtVHIhkQnSw++Z405Z5pzqHqeNkdU=
github.com/kr/pty v0.0.0-20150511174710-5cf931ef8f76/go.mod h1:pFQYn66WHrOpPYNljwOMqo10TkYh1fy3cYio2l3bCsQ=
github.com/olekukonko/ts v0.0.0-20140412220145-ecf753e7c962 h1:3ev7csw9n4tLCxb5mtYXooCeQIFmC8Iw+4VhrSBy4zk=
github.com/olekukonko/ts v0.0.0-20140412220145-ecf753e7c962/go.mod h1:F/7q8/HZz+TXjlsoZQQKVYvXTZaFH4QRa3y+j1p7MS0=
github.com/pkg/errors v0.0.0-20170505043639-c605e284fe17 h1:chPfVn+gpAM5CTpTyVU9j8J+xgRGwmoDlNDLjKnJiYo=
github.com/pkg/errors v0.0.0-20170505043639-c605e284fe17/go.mod h1:bwawxfHBFNV+L2hUp1rHADufV3IMtnDRdf1r5NINEl0=
github.com/pmezard/go-difflib v0.0.0-20151028094244-d8ed2627bdf0 h1:GD+A8+e+wFkqje55/2fOVnZPkoDIu1VooBWfNrnY8Uo=
github.com/pmezard/go-difflib v0.0.0-20151028094244-d8ed2627bdf0/go.mod h1:iKH77koFhYxTK1pcRnkKkqfTogsbg7gZNVY4sRDYZ/4=
github.com/rubyist/tracerx v0.0.0-20170927163412-787959303086 h1:mncRSDOqYCng7jOD+Y6+IivdRI6Kzv2BLWYkWkdQfu0=
github.com/rubyist/tracerx v0.0.0-20170927163412-787959303086/go.mod h1:YpdgDXpumPB/+EGmGTYHeiW/0QVFRzBYTNFaxWfPDk4=
github.com/spf13/cobra v0.0.0-20150809222549-c55cdf33856a h1:pYw8mElqJwrz3T7QVT2EZw1Te6gHW+cOGsuOuRzNdRo=
github.com/spf13/cobra v0.0.0-20150809222549-c55cdf33856a/go.mod h1:1l0Ry5zgKvJasoi3XT1TypsSe7PqH0Sj9dhYf7v3XqQ=
github.com/spf13/pflag v0.0.0-20150814225300-580b9be06c33 h1:JZTN3XaDcPNAKb/i98hWdKD3C0wNQ8ehJRQHcg9eQ10=
github.com/spf13/pflag v0.0.0-20150814225300-580b9be06c33/go.mod h1:DYY7MBk1bdzusC3SYhjObp+wFpr4gzcvqqNjLnInEg4=
github.com/stretchr/testify v0.0.0-20160504130155-6cb3b85ef5a0 h1:aCHp55cT6UsXkzGy9PoE+pNlDIbLIwcqK35xEnAKWfw=
github.com/stretchr/testify v0.0.0-20160504130155-6cb3b85ef5a0/go.mod h1:a8OnRcib4nhh0OaRAV+Yts87kKdq0PP7pXfy6kDkUVs=
github.com/xeipuuv/gojsonpointer v0.0.0-20180127040702-4e3ac2762d5f h1:J9EGpcZtP0E/raorCMxlFGSTBrsSlaDGf3jU/qvAE2c=
github.com/xeipuuv/gojsonpointer v0.0.0-20180127040702-4e3ac2762d5f/go.mod h1:N2zxlSyiKSe5eX1tZViRH5QA0qijqEDrYZiPEAiq3wU=
github.com/xeipuuv/gojsonreference v0.0.0-20180127040603-bd5ef7bd5415 h1:EzJWgHovont7NscjpAxXsDA8S8BMYve8Y5+7cuRE7R0=
github.com/xeipuuv/gojsonreference v0.0.0-20180127040603-bd5ef7bd5415/go.mod h1:GwrjFmJcFw6At/Gs6z4yjiIwzuJ1/+UwLxMQDVQXShQ=
github.com/xeipuuv/gojsonschema v0.0.0-20170210233622-6b67b3fab74d h1:BJPiQVOMMtJsJIkrF4T6K3RKbzqr7rkaybMk33dlGUo=
github.com/xeipuuv/gojsonschema v0.0.0-20170210233622-6b67b3fab74d/go.mod h1:5yf86TLmAcydyeJq5YvxkGPE2fm/u4myDekKRoLuqhs=
golang.org/x/text v0.0.0-20170915032832-14c0d48ead0c h1:qgOY6WgZOaTkIIMiVjBQcw93ERBE4m30iBm00nkL0i8=
golang.org/x/text v0.0.0-20170915032832-14c0d48ead0c/go.mod h1:NqM8EUOU14njkJ3fqMW+pc6Ldnwhi/IjpwHt7yyuwOQ=
rsc.io/quote v1.5.2 h1:w5fcysjrx7yqtD/aO+QwRjYZOKnaM9Uh2b40tElTs3Y=
rsc.io/quote v1.5.2/go.mod h1:LzX7hefJvL54yjefDEDHNONDjII0t9xZLPXsUe+TKr0=
rsc.io/sampler v1.3.0 h1:7uVkIFmeBqHfdjD+gZwtXXI+RODJ2Wc4O7MPEh/QiW4=
rsc.io/sampler v1.3.0/go.mod h1:T1hPZKmBbMNahiBKFy5HrXp6adAjACjK9JXDnKaTXpA=
