github.com/alexbrainman/sspi v0.0.0-20180125232955-4729b3d4d858 h1:OZQyEhf4BviydsRdmK4ryeJHotDLd7vL1X8+nnxXkfk=
github.com/alexbrainman/sspi v0.0.0-20180125232955-4729b3d4d858/go.mod h1:976q2ETgjT2snVCf2ZaBnyBbVoPERGjUz+0sofzEfro=
github.com/davecgh/go-spew v1.1.1 h1:vj9j/u1bqnvCEfJOwUhtlOARqs3+rkHYY13jYWTU97c=
github.com/davecgh/go-spew v1.1.1/go.mod h1:J7Y8YcW2NihsgmVo/mv3lAwl/skON4iLHjSsI+c5H38=
github.com/git-lfs/gitobj v1.4.0 h1:F7fKUUM/OTVu0ejnBA6x0trSYM8A9Zv7VGoBTsMmhHk=
github.com/git-lfs/gitobj v1.4.0/go.mod h1:EdPNGHVxXe1jTuNXzZT1+CdJCuASoDSLPQuvNOo9nGM=
github.com/git-lfs/go-netrc v0.0.0-20180525200031-e0e9ca483a18 h1:7Th0eBA4rT8WJNiM1vppjaIv9W5WJinhpbCJvRJxloI=
github.com/git-lfs/go-netrc v0.0.0-20180525200031-e0e9ca483a18/go.mod h1:70O4NAtvWn1jW8V8V+OKrJJYcxDLTmIozfi2fmSz5SI=
github.com/git-lfs/go-ntlm v0.0.0-20190307203151-c5056e7fa066 h1:j7JwIEwLNQ/kBdKpHO3U1jjMXIPjSq7eCFvQIF3e8Fs=
github.com/git-lfs/go-ntlm v0.0.0-20190307203151-c5056e7fa066/go.mod h1:YnCP1lAyul0ITv9nT/OqXseZmGeaqvMVa2uvl8ssQvE=
github.com/git-lfs/wildmatch v1.0.2 h1:Bt8fjbL2OjfhSTsmLPXSalpXgX9twSIFSVvupY2IdbE=
github.com/git-lfs/wildmatch v1.0.2/go.mod h1:SdHAGnApDpnFYQ0vAxbniWR0sn7yLJ3QXo9RRfhn2ew=
github.com/inconshreveable/mousetrap v1.0.0 h1:Z8tu5sraLXCXIcARxBp/8cbvlwVa7Z1NHg9XEKhtSvM=
github.com/inconshreveable/mousetrap v1.0.0/go.mod h1:PxqpIevigyE2G7u3NXJIT2ANytuPF1OarO4DADm73n8=
github.com/mattn/go-isatty v0.0.4 h1:bnP0vzxcAdeI1zdubAl5PjU6zsERjGZb7raWodagDYs=
github.com/mattn/go-isatty v0.0.4/go.mod h1:M+lRXTBqGeGNdLjl/ufCoiOlB5xdOkqRJdNxMWT7Zi4=
github.com/olekukonko/ts v0.0.0-20171002115256-78ecb04241c0 h1:LiZB1h0GIcudcDci2bxbqI6DXV8bF8POAnArqvRrIyw=
github.com/olekukonko/ts v0.0.0-20171002115256-78ecb04241c0/go.mod h1:F/7q8/HZz+TXjlsoZQQKVYvXTZaFH4QRa3y+j1p7MS0=
github.com/pkg/errors v0.0.0-20170505043639-c605e284fe17 h1:chPfVn+gpAM5CTpTyVU9j8J+xgRGwmoDlNDLjKnJiYo=
github.com/pkg/errors v0.0.0-20170505043639-c605e284fe17/go.mod h1:bwawxfHBFNV+L2hUp1rHADufV3IMtnDRdf1r5NINEl0=
github.com/pmezard/go-difflib v1.0.0 h1:4DBwDE0NGyQoBHbLQYPwSUPoCMWR5BEzIk/f1lZbAQM=
github.com/pmezard/go-difflib v1.0.0/go.mod h1:iKH77koFhYxTK1pcRnkKkqfTogsbg7gZNVY4sRDYZ/4=
github.com/rubyist/tracerx v0.0.0-20170927163412-787959303086 h1:mncRSDOqYCng7jOD+Y6+IivdRI6Kzv2BLWYkWkdQfu0=
github.com/rubyist/tracerx v0.0.0-20170927163412-787959303086/go.mod h1:YpdgDXpumPB/+EGmGTYHeiW/0QVFRzBYTNFaxWfPDk4=
github.com/spf13/cobra v0.0.3 h1:ZlrZ4XsMRm04Fr5pSFxBgfND2EBVa1nLpiy1stUsX/8=
github.com/spf13/cobra v0.0.3/go.mod h1:1l0Ry5zgKvJasoi3XT1TypsSe7PqH0Sj9dhYf7v3XqQ=
github.com/spf13/pflag v1.0.3 h1:zPAT6CGy6wXeQ7NtTnaTerfKOsV6V6F8agHXFiazDkg=
github.com/spf13/pflag v1.0.3/go.mod h1:DYY7MBk1bdzusC3SYhjObp+wFpr4gzcvqqNjLnInEg4=
github.com/stretchr/testify v1.2.2 h1:bSDNvY7ZPG5RlJ8otE/7V6gMiyenm9RtJ7IUVIAoJ1w=
github.com/stretchr/testify v1.2.2/go.mod h1:a8OnRcib4nhh0OaRAV+Yts87kKdq0PP7pXfy6kDkUVs=
github.com/xeipuuv/gojsonpointer v0.0.0-20180127040702-4e3ac2762d5f h1:J9EGpcZtP0E/raorCMxlFGSTBrsSlaDGf3jU/qvAE2c=
github.com/xeipuuv/gojsonpointer v0.0.0-20180127040702-4e3ac2762d5f/go.mod h1:N2zxlSyiKSe5eX1tZViRH5QA0qijqEDrYZiPEAiq3wU=
github.com/xeipuuv/gojsonreference v0.0.0-20180127040603-bd5ef7bd5415 h1:EzJWgHovont7NscjpAxXsDA8S8BMYve8Y5+7cuRE7R0=
github.com/xeipuuv/gojsonreference v0.0.0-20180127040603-bd5ef7bd5415/go.mod h1:GwrjFmJcFw6At/Gs6z4yjiIwzuJ1/+UwLxMQDVQXShQ=
github.com/xeipuuv/gojsonschema v0.0.0-20170210233622-6b67b3fab74d h1:BJPiQVOMMtJsJIkrF4T6K3RKbzqr7rkaybMk33dlGUo=
github.com/xeipuuv/gojsonschema v0.0.0-20170210233622-6b67b3fab74d/go.mod h1:5yf86TLmAcydyeJq5YvxkGPE2fm/u4myDekKRoLuqhs=
golang.org/x/sync v0.0.0-20181221193216-37e7f081c4d4 h1:YUO/7uOKsKeq9UokNS62b8FYywz3ker1l1vDZRCRefw=
golang.org/x/sync v0.0.0-20181221193216-37e7f081c4d4/go.mod h1:RxMgew5VJxzue5/jJTE5uejpjVlOe/izrB70Jof72aM=
golang.org/x/sys v0.0.0-20180831094639-fa5fdf94c789 h1:T8D7l6WB3tLu+VpKvw06ieD/OhBi1XpJmG1U/FtttZg=
golang.org/x/sys v0.0.0-20180831094639-fa5fdf94c789/go.mod h1:STP8DvDyc/dI5b8T5hshtkjS+E42TnysNCUPdjciGhY=
